
Microsoft Visual Studio Solution File, Format Version 12.00
# Visual Studio 15
Project("{FAE04EC0-301F-11D3-BF4B-00C04F79EFBC}") = "Assembly-CSharp", "Assembly-CSharp.csproj", "{565491A8-C734-220A-B666-0EBFC9E05D66}"
EndProject
Project("{FAE04EC0-301F-11D3-BF4B-00C04F79EFBC}") = "Assembly-CSharp-firstpass", "Assembly-CSharp-firstpass.csproj", "{0D2CCC49-3FA0-376C-9FAD-79A7C34B2677}"
EndProject
Global
	GlobalSection(SolutionConfigurationPlatforms) = preSolution
		Debug|Any CPU = Debug|Any CPU
		Release|Any CPU = Release|Any CPU
	EndGlobalSection
	GlobalSection(ProjectConfigurationPlatforms) = postSolution
		{565491A8-C734-220A-B666-0EBFC9E05D66}.Debug|Any CPU.ActiveCfg = Debug|Any CPU
		{565491A8-C734-220A-B666-0EBFC9E05D66}.Debug|Any CPU.Build.0 = Debug|Any CPU
		{565491A8-C734-220A-B666-0EBFC9E05D66}.Release|Any CPU.ActiveCfg = Release|Any CPU
		{565491A8-C734-220A-B666-0EBFC9E05D66}.Release|Any CPU.Build.0 = Release|Any CPU
		{0D2CCC49-3FA0-376C-9FAD-79A7C34B2677}.Debug|Any CPU.ActiveCfg = Debug|Any CPU
		{0D2CCC49-3FA0-376C-9FAD-79A7C34B2677}.Debug|Any CPU.Build.0 = Debug|Any CPU
		{0D2CCC49-3FA0-376C-9FAD-79A7C34B2677}.Release|Any CPU.ActiveCfg = Release|Any CPU
		{0D2CCC49-3FA0-376C-9FAD-79A7C34B2677}.Release|Any CPU.Build.0 = Release|Any CPU
	EndGlobalSection
	GlobalSection(SolutionProperties) = preSolution
		HideSolutionNode = FALSE
	EndGlobalSection
EndGlobal
